Microsoft Visual Studio Solution File, Format Version 12.00
# Visual Studio Version 17
VisualStudioVersion = 17.13.35931.197
MinimumVisualStudioVersion = 10.0.40219.1
Project("{FAE04EC0-301F-11D3-BF4B-00C04F79EFBC}") = "POEpart1", "POEpart1\POEpart1.csproj", "{C3C1ABBC-386B-4AB6-92B5-CA7359650779}"
EndProject
Global
	GlobalSection(SolutionConfigurationPlatforms) = preSolution
		Debug|Any CPU = Debug|Any CPU
		Release|Any CPU = Release|Any CPU
	EndGlobalSection
	GlobalSection(ProjectConfigurationPlatforms) = postSolution
		{C3C1ABBC-386B-4AB6-92B5-CA7359650779}.Debug|Any CPU.ActiveCfg = Debug|Any CPU
		{C3C1ABBC-386B-4AB6-92B5-CA7359650779}.Debug|Any CPU.Build.0 = Debug|Any CPU
		{C3C1ABBC-386B-4AB6-92B5-CA7359650779}.Release|Any CPU.ActiveCfg = Release|Any CPU
		{C3C1ABBC-386B-4AB6-92B5-CA7359650779}.Release|Any CPU.Build.0 = Release|Any CPU
	EndGlobalSection
	GlobalSection(SolutionProperties) = preSolution
		HideSolutionNode = FALSE
	EndGlobalSection
	GlobalSection(ExtensibilityGlobals) = postSolution
		SolutionGuid = {2F0A0DF8-8C5D-4524-8612-4607CC2C3ACA}
	EndGlobalSection
EndGlobal
